// !$*UTF8*$!
{
	archiveVersion = 1;
	classes = {
	};
	objectVersion = 50;
	objects = {

/* Begin PBXBuildFile section */
		267EE19D20C4482700D7F869 /* AppDelegate.swift in Sources */ = {isa = PBXBuildFile; fileRef = 267EE19C20C4482700D7F869 /* AppDelegate.swift */; };
		267EE19F20C4482700D7F869 /* ViewController.swift in Sources */ = {isa = PBXBuildFile; fileRef = 267EE19E20C4482700D7F869 /* ViewController.swift */; };
		267EE1A220C4482700D7F869 /* Main.storyboard in Resources */ = {isa = PBXBuildFile; fileRef = 267EE1A020C4482700D7F869 /* Main.storyboard */; };
		267EE1A420C4482800D7F869 /* Assets.xcassets in Resources */ = {isa = PBXBuildFile; fileRef = 267EE1A320C4482800D7F869 /* Assets.xcassets */; };
		267EE1A720C4482800D7F869 /* LaunchScreen.storyboard in Resources */ = {isa = PBXBuildFile; fileRef = 267EE1A520C4482800D7F869 /* LaunchScreen.storyboard */; };
		267EE1B420C4490F00D7F869 /* FDAlertView.swift in Sources */ = {isa = PBXBuildFile; fileRef = 267EE1B320C4490F00D7F869 /* FDAlertView.swift */; };
		267EE1B620C44A4C00D7F869 /* FDAlertAction.swift in Sources */ = {isa = PBXBuildFile; fileRef = 267EE1B520C44A4C00D7F869 /* FDAlertAction.swift */; };
		267EE1B820C44CB700D7F869 /* FDAlertView.xib in Resources */ = {isa = PBXBuildFile; fileRef = 267EE1B720C44CB700D7F869 /* FDAlertView.xib */; };
		267EE1BA20C44FCB00D7F869 /* FDAlertViewAnimation.swift in Sources */ = {isa = PBXBuildFile; fileRef = 267EE1B920C44FCB00D7F869 /* FDAlertViewAnimation.swift */; };
		267EE1BE20C4783F00D7F869 /* SetLetterSpacing.swift in Sources */ = {isa = PBXBuildFile; fileRef = 267EE1BD20C4783F00D7F869 /* SetLetterSpacing.swift */; };
/* End PBXBuildFile section */

/* Begin PBXFileReference section */
		267EE19920C4482700D7F869 /* FDAlertViewSample.app */ = {isa = PBXFileReference; explicitFileType = wrapper.application; includeInIndex = 0; path = FDAlertViewSample.app; sourceTree = BUILT_PRODUCTS_DIR; };
		267EE19C20C4482700D7F869 /* AppDelegate.swift */ = {isa = PBXFileReference; lastKnownFileType = sourcecode.swift; path = AppDelegate.swift; sourceTree = "<group>"; };
		267EE19E20C4482700D7F869 /* ViewController.swift */ = {isa = PBXFileReference; lastKnownFileType = sourcecode.swift; path = ViewController.swift; sourceTree = "<group>"; };
		267EE1A120C4482700D7F869 /* Base */ = {isa = PBXFileReference; lastKnownFileType = file.storyboard; name = Base; path = Base.lproj/Main.storyboard; sourceTree = "<group>"; };
		267EE1A320C4482800D7F869 /* Assets.xcassets */ = {isa = PBXFileReference; lastKnownFileType = folder.assetcatalog; path = Assets.xcassets; sourceTree = "<group>"; };
		267EE1A620C4482800D7F869 /* Base */ = {isa = PBXFileReference; lastKnownFileType = file.storyboard; name = Base; path = Base.lproj/LaunchScreen.storyboard; sourceTree = "<group>"; };
		267EE1A820C4482800D7F869 /* Info.plist */ = {isa = PBXFileReference; lastKnownFileType = text.plist.xml; path = Info.plist; sourceTree = "<group>"; };
		267EE1B320C4490F00D7F869 /* FDAlertView.swift */ = {isa = PBXFileReference; lastKnownFileType = sourcecode.swift; path = FDAlertView.swift; sourceTree = "<group>"; };
		267EE1B520C44A4C00D7F869 /* FDAlertAction.swift */ = {isa = PBXFileReference; lastKnownFileType = sourcecode.swift; path = FDAlertAction.swift; sourceTree = "<group>"; };
		267EE1B720C44CB700D7F869 /* FDAlertView.xib */ = {isa = PBXFileReference; lastKnownFileType = file.xib; path = FDAlertView.xib; sourceTree = "<group>"; };
		267EE1B920C44FCB00D7F869 /* FDAlertViewAnimation.swift */ = {isa = PBXFileReference; lastKnownFileType = sourcecode.swift; path = FDAlertViewAnimation.swift; sourceTree = "<group>"; };
		267EE1BD20C4783F00D7F869 /* SetLetterSpacing.swift */ = {isa = PBXFileReference; fileEncoding = 4; lastKnownFileType = sourcecode.swift; path = SetLetterSpacing.swift; sourceTree = "<group>"; };
/* End PBXFileReference section */

/* Begin PBXFrameworksBuildPhase section */
		267EE19620C4482700D7F869 /* Frameworks */ = {
			isa = PBXFrameworksBuildPhase;
			buildActionMask = 2147483647;
			files = (
			);
			runOnlyForDeploymentPostprocessing = 0;
		};
/* End PBXFrameworksBuildPhase section */

/* Begin PBXGroup section */
		267EE19020C4482700D7F869 = {
			isa = PBXGroup;
			children = (
				267EE1AF20C4489C00D7F869 /* FDAlertView */,
				267EE19B20C4482700D7F869 /* FDAlertViewSample */,
				267EE19A20C4482700D7F869 /* Products */,
			);
			sourceTree = "<group>";
		};
		267EE19A20C4482700D7F869 /* Products */ = {
			isa = PBXGroup;
			children = (
				267EE19920C4482700D7F869 /* FDAlertViewSample.app */,
			);
			name = Products;
			sourceTree = "<group>";
		};
		267EE19B20C4482700D7F869 /* FDAlertViewSample */ = {
			isa = PBXGroup;
			children = (
				267EE19C20C4482700D7F869 /* AppDelegate.swift */,
				267EE1B020C448E200D7F869 /* ui */,
				267EE1B120C448E700D7F869 /* ressources */,
				267EE1A820C4482800D7F869 /* Info.plist */,
			);
			path = FDAlertViewSample;
			sourceTree = "<group>";
		};
		267EE1AF20C4489C00D7F869 /* FDAlertView */ = {
			isa = PBXGroup;
			children = (
				267EE1B720C44CB700D7F869 /* FDAlertView.xib */,
				267EE1B320C4490F00D7F869 /* FDAlertView.swift */,
				267EE1B920C44FCB00D7F869 /* FDAlertViewAnimation.swift */,
				267EE1B520C44A4C00D7F869 /* FDAlertAction.swift */,
				267EE1BD20C4783F00D7F869 /* SetLetterSpacing.swift */,
			);
			path = FDAlertView;
			sourceTree = "<group>";
		};
		267EE1B020C448E200D7F869 /* ui */ = {
			isa = PBXGroup;
			children = (
				267EE19E20C4482700D7F869 /* ViewController.swift */,
				267EE1B220C448ED00D7F869 /* storyboards */,
			);
			path = ui;
			sourceTree = "<group>";
		};
		267EE1B120C448E700D7F869 /* ressources */ = {
			isa = PBXGroup;
			children = (
				267EE1A320C4482800D7F869 /* Assets.xcassets */,
			);
			path = ressources;
			sourceTree = "<group>";
		};
		267EE1B220C448ED00D7F869 /* storyboards */ = {
			isa = PBXGroup;
			children = (
				267EE1A020C4482700D7F869 /* Main.storyboard */,
				267EE1A520C4482800D7F869 /* LaunchScreen.storyboard */,
			);
			path = storyboards;
			sourceTree = "<group>";
		};
/* End PBXGroup section */

/* Begin PBXNativeTarget section */
		267EE19820C4482700D7F869 /* FDAlertViewSample */ = {
			isa = PBXNativeTarget;
			buildConfigurationList = 267EE1AB20C4482800D7F869 /* Build configuration list for PBXNativeTarget "FDAlertViewSample" */;
			buildPhases = (
				267EE19520C4482700D7F869 /* Sources */,
				267EE19620C4482700D7F869 /* Frameworks */,
				267EE19720C4482700D7F869 /* Resources */,
			);
			buildRules = (
			);
			dependencies = (
			);
			name = FDAlertViewSample;
			productName = FDAlertViewSample;
			productReference = 267EE19920C4482700D7F869 /* FDAlertViewSample.app */;
			productType = "com.apple.product-type.application";
		};
/* End PBXNativeTarget section */

/* Begin PBXProject section */
		267EE19120C4482700D7F869 /* Project object */ = {
			isa = PBXProject;
			attributes = {
				LastSwiftUpdateCheck = 0930;
				LastUpgradeCheck = 0930;
				ORGANIZATIONNAME = "Frédéric Dinand";
				TargetAttributes = {
					267EE19820C4482700D7F869 = {
						CreatedOnToolsVersion = 9.3.1;
					};
				};
			};
			buildConfigurationList = 267EE19420C4482700D7F869 /* Build configuration list for PBXProject "FDAlertViewSample" */;
			compatibilityVersion = "Xcode 9.3";
			developmentRegion = en;
			hasScannedForEncodings = 0;
			knownRegions = (
				en,
				Base,
			);
			mainGroup = 267EE19020C4482700D7F869;
			productRefGroup = 267EE19A20C4482700D7F869 /* Products */;
			projectDirPath = "";
			projectRoot = "";
			targets = (
				267EE19820C4482700D7F869 /* FDAlertViewSample */,
			);
		};
/* End PBXProject section */

/* Begin PBXResourcesBuildPhase section */
		267EE19720C4482700D7F869 /* Resources */ = {
			isa = PBXResourcesBuildPhase;
			buildActionMask = 2147483647;
			files = (
				267EE1A720C4482800D7F869 /* LaunchScreen.storyboard in Resources */,
				267EE1B820C44CB700D7F869 /* FDAlertView.xib in Resources */,
				267EE1A420C4482800D7F869 /* Assets.xcassets in Resources */,
				267EE1A220C4482700D7F869 /* Main.storyboard in Resources */,
			);
			runOnlyForDeploymentPostprocessing = 0;
		};
/* End PBXResourcesBuildPhase section */

/* Begin PBXSourcesBuildPhase section */
		267EE19520C4482700D7F869 /* Sources */ = {
			isa = PBXSourcesBuildPhase;
			buildActionMask = 2147483647;
			files = (
				267EE1BE20C4783F00D7F869 /* SetLetterSpacing.swift in Sources */,
				267EE1BA20C44FCB00D7F869 /* FDAlertViewAnimation.swift in Sources */,
				267EE19F20C4482700D7F869 /* ViewController.swift in Sources */,
				267EE1B420C4490F00D7F869 /* FDAlertView.swift in Sources */,
				267EE1B620C44A4C00D7F869 /* FDAlertAction.swift in Sources */,
				267EE19D20C4482700D7F869 /* AppDelegate.swift in Sources */,
			);
			runOnlyForDeploymentPostprocessing = 0;
		};
/* End PBXSourcesBuildPhase section */

/* Begin PBXVariantGroup section */
		267EE1A020C4482700D7F869 /* Main.storyboard */ = {
			isa = PBXVariantGroup;
			children = (
				267EE1A120C4482700D7F869 /* Base */,
			);
			name = Main.storyboard;
			sourceTree = "<group>";
		};
		267EE1A520C4482800D7F869 /* LaunchScreen.storyboard */ = {
			isa = PBXVariantGroup;
			children = (
				267EE1A620C4482800D7F869 /* Base */,
			);
			name = LaunchScreen.storyboard;
			sourceTree = "<group>";
		};
/* End PBXVariantGroup section */

/* Begin XCBuildConfiguration section */
		267EE1A920C4482800D7F869 /* Debug */ = {
			isa = XCBuildConfiguration;
			buildSettings = {
				ALWAYS_SEARCH_USER_PATHS = NO;
				CLANG_ANALYZER_NONNULL = YES;
				CLANG_ANALYZER_NUMBER_OBJECT_CONVERSION = YES_AGGRESSIVE;
				CLANG_CXX_LANGUAGE_STANDARD = "gnu++14";
				CLANG_CXX_LIBRARY = "libc++";
				CLANG_ENABLE_MODULES = YES;
				CLANG_ENABLE_OBJC_ARC = YES;
				CLANG_ENABLE_OBJC_WEAK = YES;
				CLANG_WARN_BLOCK_CAPTURE_AUTORELEASING = YES;
				CLANG_WARN_BOOL_CONVERSION = YES;
				CLANG_WARN_COMMA = YES;
				CLANG_WARN_CONSTANT_CONVERSION = YES;
				CLANG_WARN_DEPRECATED_OBJC_IMPLEMENTATIONS = YES;
				CLANG_WARN_DIRECT_OBJC_ISA_USAGE = YES_ERROR;
				CLANG_WARN_DOCUMENTATION_COMMENTS = YES;
				CLANG_WARN_EMPTY_BODY = YES;
				CLANG_WARN_ENUM_CONVERSION = YES;
				CLANG_WARN_INFINITE_RECURSION = YES;
				CLANG_WARN_INT_CONVERSION = YES;
				CLANG_WARN_NON_LITERAL_NULL_CONVERSION = YES;
				CLANG_WARN_OBJC_IMPLICIT_RETAIN_SELF = YES;
				CLANG_WARN_OBJC_LITERAL_CONVERSION = YES;
				CLANG_WARN_OBJC_ROOT_CLASS = YES_ERROR;
				CLANG_WARN_RANGE_LOOP_ANALYSIS = YES;
				CLANG_WARN_STRICT_PROTOTYPES = YES;
				CLANG_WARN_SUSPICIOUS_MOVE = YES;
				CLANG_WARN_UNGUARDED_AVAILABILITY = YES_AGGRESSIVE;
				CLANG_WARN_UNREACHABLE_CODE = YES;
				CLANG_WARN__DUPLICATE_METHOD_MATCH = YES;
				CODE_SIGN_IDENTITY = "iPhone Developer";
				COPY_PHASE_STRIP = NO;
				DEBUG_INFORMATION_FORMAT = dwarf;
				ENABLE_STRICT_OBJC_MSGSEND = YES;
				ENABLE_TESTABILITY = YES;
				GCC_C_LANGUAGE_STANDARD = gnu11;
				GCC_DYNAMIC_NO_PIC = NO;
				GCC_NO_COMMON_BLOCKS = YES;
				GCC_OPTIMIZATION_LEVEL = 0;
				GCC_PREPROCESSOR_DEFINITIONS = (
					"DEBUG=1",
					"$(inherited)",
				);
				GCC_WARN_64_TO_32_BIT_CONVERSION = YES;
				GCC_WARN_ABOUT_RETURN_TYPE = YES_ERROR;
				GCC_WARN_UNDECLARED_SELECTOR = YES;
				GCC_WARN_UNINITIALIZED_AUTOS = YES_AGGRESSIVE;
				GCC_WARN_UNUSED_FUNCTION = YES;
				GCC_WARN_UNUSED_VARIABLE = YES;
				IPHONEOS_DEPLOYMENT_TARGET = 11.3;
				MTL_ENABLE_DEBUG_INFO = YES;
				ONLY_ACTIVE_ARCH = YES;
				SDKROOT = iphoneos;
				SWIFT_ACTIVE_COMPILATION_CONDITIONS = DEBUG;
				SWIFT_OPTIMIZATION_LEVEL = "-Onone";
			};
			name = Debug;
		};
		267EE1AA20C4482800D7F869 /* Release */ = {
			isa = XCBuildConfiguration;
			buildSettings = {
				ALWAYS_SEARCH_USER_PATHS = NO;
				CLANG_ANALYZER_NONNULL = YES;
				CLANG_ANALYZER_NUMBER_OBJECT_CONVERSION = YES_AGGRESSIVE;
				CLANG_CXX_LANGUAGE_STANDARD = "gnu++14";
				CLANG_CXX_LIBRARY = "libc++";
				CLANG_ENABLE_MODULES = YES;
				CLANG_ENABLE_OBJC_ARC = YES;
				CLANG_ENABLE_OBJC_WEAK = YES;
				CLANG_WARN_BLOCK_CAPTURE_AUTORELEASING = YES;
				CLANG_WARN_BOOL_CONVERSION = YES;
				CLANG_WARN_COMMA = YES;
				CLANG_WARN_CONSTANT_CONVERSION = YES;
				CLANG_WARN_DEPRECATED_OBJC_IMPLEMENTATIONS = YES;
				CLANG_WARN_DIRECT_OBJC_ISA_USAGE = YES_ERROR;
				CLANG_WARN_DOCUMENTATION_COMMENTS = YES;
				CLANG_WARN_EMPTY_BODY = YES;
				CLANG_WARN_ENUM_CONVERSION = YES;
				CLANG_WARN_INFINITE_RECURSION = YES;
				CLANG_WARN_INT_CONVERSION = YES;
				CLANG_WARN_NON_LITERAL_NULL_CONVERSION = YES;
				CLANG_WARN_OBJC_IMPLICIT_RETAIN_SELF = YES;
				CLANG_WARN_OBJC_LITERAL_CONVERSION = YES;
				CLANG_WARN_OBJC_ROOT_CLASS = YES_ERROR;
				CLANG_WARN_RANGE_LOOP_ANALYSIS = YES;
				CLANG_WARN_STRICT_PROTOTYPES = YES;
				CLANG_WARN_SUSPICIOUS_MOVE = YES;
				CLANG_WARN_UNGUARDED_AVAILABILITY = YES_AGGRESSIVE;
				CLANG_WARN_UNREACHABLE_CODE = YES;
				CLANG_WARN__DUPLICATE_METHOD_MATCH = YES;
				CODE_SIGN_IDENTITY = "iPhone Developer";
				COPY_PHASE_STRIP = NO;
				DEBUG_INFORMATION_FORMAT = "dwarf-with-dsym";
				ENABLE_NS_ASSERTIONS = NO;
				ENABLE_STRICT_OBJC_MSGSEND = YES;
				GCC_C_LANGUAGE_STANDARD = gnu11;
				GCC_NO_COMMON_BLOCKS = YES;
				GCC_WARN_64_TO_32_BIT_CONVERSION = YES;
				GCC_WARN_ABOUT_RETURN_TYPE = YES_ERROR;
				GCC_WARN_UNDECLARED_SELECTOR = YES;
				GCC_WARN_UNINITIALIZED_AUTOS = YES_AGGRESSIVE;
				GCC_WARN_UNUSED_FUNCTION = YES;
				GCC_WARN_UNUSED_VARIABLE = YES;
				IPHONEOS_DEPLOYMENT_TARGET = 11.3;
				MTL_ENABLE_DEBUG_INFO = NO;
				SDKROOT = iphoneos;
				SWIFT_COMPILATION_MODE = wholemodule;
				SWIFT_OPTIMIZATION_LEVEL = "-O";
				VALIDATE_PRODUCT = YES;
			};
			name = Release;
		};
		267EE1AC20C4482800D7F869 /* Debug */ = {
			isa = XCBuildConfiguration;
			buildSettings = {
				ASSETCATALOG_COMPILER_APPICON_NAME = AppIcon;
				CODE_SIGN_STYLE = Automatic;
				DEVELOPMENT_TEAM = Z3UM9FW8JQ;
				INFOPLIST_FILE = FDAlertViewSample/Info.plist;
				IPHONEOS_DEPLOYMENT_TARGET = 9.0;
				LD_RUNPATH_SEARCH_PATHS = (
					"$(inherited)",
					"@executable_path/Frameworks",
				);
				PRODUCT_BUNDLE_IDENTIFIER = com.fredericdinand.FDAlertViewSample;
				PRODUCT_NAME = "$(TARGET_NAME)";
				SWIFT_VERSION = 4.0;
				TARGETED_DEVICE_FAMILY = "1,2";
			};
			name = Debug;
		};
		267EE1AD20C4482800D7F869 /* Release */ = {
			isa = XCBuildConfiguration;
			buildSettings = {
				ASSETCATALOG_COMPILER_APPICON_NAME = AppIcon;
				CODE_SIGN_STYLE = Automatic;
				DEVELOPMENT_TEAM = Z3UM9FW8JQ;
				INFOPLIST_FILE = FDAlertViewSample/Info.plist;
				IPHONEOS_DEPLOYMENT_TARGET = 9.0;
				LD_RUNPATH_SEARCH_PATHS = (
					"$(inherited)",
					"@executable_path/Frameworks",
				);
				PRODUCT_BUNDLE_IDENTIFIER = com.fredericdinand.FDAlertViewSample;
				PRODUCT_NAME = "$(TARGET_NAME)";
				SWIFT_VERSION = 4.0;
				TARGETED_DEVICE_FAMILY = "1,2";
			};
			name = Release;
		};
/* End XCBuildConfiguration section */

/* Begin XCConfigurationList section */
		267EE19420C4482700D7F869 /* Build configuration list for PBXProject "FDAlertViewSample" */ = {
			isa = XCConfigurationList;
			buildConfigurations = (
				267EE1A920C4482800D7F869 /* Debug */,
				267EE1AA20C4482800D7F869 /* Release */,
			);
			defaultConfigurationIsVisible = 0;
			defaultConfigurationName = Release;
		};
		267EE1AB20C4482800D7F869 /* Build configuration list for PBXNativeTarget "FDAlertViewSample" */ = {
			isa = XCConfigurationList;
			buildConfigurations = (
				267EE1AC20C4482800D7F869 /* Debug */,
				267EE1AD20C4482800D7F869 /* Release */,
			);
			defaultConfigurationIsVisible = 0;
			defaultConfigurationName = Release;
		};
/* End XCConfigurationList section */
	};
	rootObject = 267EE19120C4482700D7F869 /* Project object */;
}
